
Microsoft Visual Studio Solution File, Format Version 12.00
# Visual Studio Version 16
VisualStudioVersion = 16.0.29613.14
MinimumVisualStudioVersion = 10.0.40219.1
Project("{9A19103F-16F7-4668-BE54-9A1E7A4F7556}") = "LawCalculator WPF", "LawCalculator WPF.csproj", "{17CE5B00-E74D-425D-8800-0A6F78FAF712}"
EndProject
Global
	GlobalSection(SolutionConfigurationPlatforms) = preSolution
		Debug|Any CPU = Debug|Any CPU
		Release|Any CPU = Release|Any CPU
	EndGlobalSection
	GlobalSection(ProjectConfigurationPlatforms) = postSolution
		{17CE5B00-E74D-425D-8800-0A6F78FAF712}.Debug|Any CPU.ActiveCfg = Debug|Any CPU
		{17CE5B00-E74D-425D-8800-0A6F78FAF712}.Debug|Any CPU.Build.0 = Debug|Any CPU
		{17CE5B00-E74D-425D-8800-0A6F78FAF712}.Release|Any CPU.ActiveCfg = Release|Any CPU
		{17CE5B00-E74D-425D-8800-0A6F78FAF712}.Release|Any CPU.Build.0 = Release|Any CPU
	EndGlobalSection
	GlobalSection(SolutionProperties) = preSolution
		HideSolutionNode = FALSE
	EndGlobalSection
	GlobalSection(ExtensibilityGlobals) = postSolution
		SolutionGuid = {592CC716-FB5C-4455-8C99-B602736F5D07}
	EndGlobalSection
EndGlobal
